dependencies:
- name: redis
  repository: oci://registry-1.docker.io/bitnamicharts
  version: 18.19.4
- name: utils
  repository: file://../utils
  version: 0.1.0
- name: kueue
  repository: oci://registry.k8s.io/kueue/charts
  version: 0.13.3
digest: sha256:799c3597e34873c7b5c491951ebdb8ae1d333453600d057acd6e2914a5aeaf73
generated: "2025-09-05T12:03:05.665166-07:00"
