dependencies:
- name: redis
  repository: oci://registry-1.docker.io/bitnamicharts
  version: 18.19.4
- name: utils
  repository: file://../utils
  version: 0.1.0
- name: kueue
  repository: oci://registry.k8s.io/kueue/charts
  version: 0.13.2
digest: sha256:3e0a91f486516825bbe8e919a89b6e721ac47915d77e51b5f6a119d2e33f9db8
generated: "2025-08-20T10:26:02.754617-07:00"
